
Microsoft Visual Studio Solution File, Format Version 12.00
# Visual Studio Version 16
VisualStudioVersion = 16.0.29009.5
MinimumVisualStudioVersion = 10.0.40219.1
Project("{FAE04EC0-301F-11D3-BF4B-00C04F79EFBC}") = "semana14", "semana14\semana14.csproj", "{7731D9FF-36B7-4CDB-A4E7-B06885BEC9CB}"
EndProject
Global
	GlobalSection(SolutionConfigurationPlatforms) = preSolution
		Debug|Any CPU = Debug|Any CPU
		Release|Any CPU = Release|Any CPU
	EndGlobalSection
	GlobalSection(ProjectConfigurationPlatforms) = postSolution
		{7731D9FF-36B7-4CDB-A4E7-B06885BEC9CB}.Debug|Any CPU.ActiveCfg = Debug|Any CPU
		{7731D9FF-36B7-4CDB-A4E7-B06885BEC9CB}.Debug|Any CPU.Build.0 = Debug|Any CPU
		{7731D9FF-36B7-4CDB-A4E7-B06885BEC9CB}.Release|Any CPU.ActiveCfg = Release|Any CPU
		{7731D9FF-36B7-4CDB-A4E7-B06885BEC9CB}.Release|Any CPU.Build.0 = Release|Any CPU
	EndGlobalSection
	GlobalSection(SolutionProperties) = preSolution
		HideSolutionNode = FALSE
	EndGlobalSection
	GlobalSection(ExtensibilityGlobals) = postSolution
		SolutionGuid = {02F73715-E44F-4553-BC44-6A5876827818}
	EndGlobalSection
EndGlobal
