
Microsoft Visual Studio Solution File, Format Version 12.00
# Visual Studio 15
VisualStudioVersion = 15.0.28307.106
MinimumVisualStudioVersion = 10.0.40219.1
Project("{FAE04EC0-301F-11D3-BF4B-00C04F79EFBC}") = "ejer", "ejer\ejer.csproj", "{46C3E91A-8AC6-4823-8F7A-981525CAEB67}"
EndProject
Global
	GlobalSection(SolutionConfigurationPlatforms) = preSolution
		Debug|Any CPU = Debug|Any CPU
		Release|Any CPU = Release|Any CPU
	EndGlobalSection
	GlobalSection(ProjectConfigurationPlatforms) = postSolution
		{46C3E91A-8AC6-4823-8F7A-981525CAEB67}.Debug|Any CPU.ActiveCfg = Debug|Any CPU
		{46C3E91A-8AC6-4823-8F7A-981525CAEB67}.Debug|Any CPU.Build.0 = Debug|Any CPU
		{46C3E91A-8AC6-4823-8F7A-981525CAEB67}.Release|Any CPU.ActiveCfg = Release|Any CPU
		{46C3E91A-8AC6-4823-8F7A-981525CAEB67}.Release|Any CPU.Build.0 = Release|Any CPU
	EndGlobalSection
	GlobalSection(SolutionProperties) = preSolution
		HideSolutionNode = FALSE
	EndGlobalSection
	GlobalSection(ExtensibilityGlobals) = postSolution
		SolutionGuid = {639A5EBC-F216-4372-B33E-292D351E4B6B}
	EndGlobalSection
EndGlobal
