
Microsoft Visual Studio Solution File, Format Version 12.00
# Visual Studio Version 16
VisualStudioVersion = 16.0.29009.5
MinimumVisualStudioVersion = 10.0.40219.1
Project("{FAE04EC0-301F-11D3-BF4B-00C04F79EFBC}") = "ConsoleApp5", "ConsoleApp5\ConsoleApp5.csproj", "{DDF45FD1-512A-44F4-8B09-37FAEEA2E3E9}"
EndProject
Global
	GlobalSection(SolutionConfigurationPlatforms) = preSolution
		Debug|Any CPU = Debug|Any CPU
		Release|Any CPU = Release|Any CPU
	EndGlobalSection
	GlobalSection(ProjectConfigurationPlatforms) = postSolution
		{DDF45FD1-512A-44F4-8B09-37FAEEA2E3E9}.Debug|Any CPU.ActiveCfg = Debug|Any CPU
		{DDF45FD1-512A-44F4-8B09-37FAEEA2E3E9}.Debug|Any CPU.Build.0 = Debug|Any CPU
		{DDF45FD1-512A-44F4-8B09-37FAEEA2E3E9}.Release|Any CPU.ActiveCfg = Release|Any CPU
		{DDF45FD1-512A-44F4-8B09-37FAEEA2E3E9}.Release|Any CPU.Build.0 = Release|Any CPU
	EndGlobalSection
	GlobalSection(SolutionProperties) = preSolution
		HideSolutionNode = FALSE
	EndGlobalSection
	GlobalSection(ExtensibilityGlobals) = postSolution
		SolutionGuid = {F57F82CE-AD6E-4381-AB9E-C3C5ED0C7768}
	EndGlobalSection
EndGlobal
