
Microsoft Visual Studio Solution File, Format Version 12.00
# Visual Studio 15
VisualStudioVersion = 15.0.28307.106
MinimumVisualStudioVersion = 10.0.40219.1
Project("{FAE04EC0-301F-11D3-BF4B-00C04F79EFBC}") = "ConsoleApp3", "ConsoleApp3\ConsoleApp3.csproj", "{22B7EB4C-C643-42E7-BA64-2639F3757350}"
EndProject
Global
	GlobalSection(SolutionConfigurationPlatforms) = preSolution
		Debug|Any CPU = Debug|Any CPU
		Release|Any CPU = Release|Any CPU
	EndGlobalSection
	GlobalSection(ProjectConfigurationPlatforms) = postSolution
		{22B7EB4C-C643-42E7-BA64-2639F3757350}.Debug|Any CPU.ActiveCfg = Debug|Any CPU
		{22B7EB4C-C643-42E7-BA64-2639F3757350}.Debug|Any CPU.Build.0 = Debug|Any CPU
		{22B7EB4C-C643-42E7-BA64-2639F3757350}.Release|Any CPU.ActiveCfg = Release|Any CPU
		{22B7EB4C-C643-42E7-BA64-2639F3757350}.Release|Any CPU.Build.0 = Release|Any CPU
	EndGlobalSection
	GlobalSection(SolutionProperties) = preSolution
		HideSolutionNode = FALSE
	EndGlobalSection
	GlobalSection(ExtensibilityGlobals) = postSolution
		SolutionGuid = {A03113CE-9F1F-40A0-B6E8-8492962F2A4C}
	EndGlobalSection
EndGlobal
