
Microsoft Visual Studio Solution File, Format Version 12.00
# Visual Studio Version 16
VisualStudioVersion = 16.0.29009.5
MinimumVisualStudioVersion = 10.0.40219.1
Project("{FAE04EC0-301F-11D3-BF4B-00C04F79EFBC}") = "ConsoleApp5", "ConsoleApp5\ConsoleApp5.csproj", "{C1CD6FC1-A4B5-4CFE-9098-93984D9F7F4C}"
EndProject
Global
	GlobalSection(SolutionConfigurationPlatforms) = preSolution
		Debug|Any CPU = Debug|Any CPU
		Release|Any CPU = Release|Any CPU
	EndGlobalSection
	GlobalSection(ProjectConfigurationPlatforms) = postSolution
		{C1CD6FC1-A4B5-4CFE-9098-93984D9F7F4C}.Debug|Any CPU.ActiveCfg = Debug|Any CPU
		{C1CD6FC1-A4B5-4CFE-9098-93984D9F7F4C}.Debug|Any CPU.Build.0 = Debug|Any CPU
		{C1CD6FC1-A4B5-4CFE-9098-93984D9F7F4C}.Release|Any CPU.ActiveCfg = Release|Any CPU
		{C1CD6FC1-A4B5-4CFE-9098-93984D9F7F4C}.Release|Any CPU.Build.0 = Release|Any CPU
	EndGlobalSection
	GlobalSection(SolutionProperties) = preSolution
		HideSolutionNode = FALSE
	EndGlobalSection
	GlobalSection(ExtensibilityGlobals) = postSolution
		SolutionGuid = {B65258C3-2A22-4168-9E7F-669E01989DEF}
	EndGlobalSection
EndGlobal
